
Microsoft Visual Studio Solution File, Format Version 12.00
# Visual Studio 15
VisualStudioVersion = 15.0.27428.1
MinimumVisualStudioVersion = 10.0.40219.1
Project("{FAE04EC0-301F-11D3-BF4B-00C04F79EFBC}") = "UBS", "UBS\UBS.csproj", "{F0E287B9-1B4A-4271-B48A-5F62E46A0D0C}"
EndProject
Project("{FAE04EC0-301F-11D3-BF4B-00C04F79EFBC}") = "UBSLib", "UBSLib\UBSLib.csproj", "{83EF651E-19FA-40F7-AC94-A76E78476832}"
EndProject
Global
	GlobalSection(SolutionConfigurationPlatforms) = preSolution
		Debug|Any CPU = Debug|Any CPU
		Release|Any CPU = Release|Any CPU
	EndGlobalSection
	GlobalSection(ProjectConfigurationPlatforms) = postSolution
		{F0E287B9-1B4A-4271-B48A-5F62E46A0D0C}.Debug|Any CPU.ActiveCfg = Debug|Any CPU
		{F0E287B9-1B4A-4271-B48A-5F62E46A0D0C}.Debug|Any CPU.Build.0 = Debug|Any CPU
		{F0E287B9-1B4A-4271-B48A-5F62E46A0D0C}.Release|Any CPU.ActiveCfg = Release|Any CPU
		{F0E287B9-1B4A-4271-B48A-5F62E46A0D0C}.Release|Any CPU.Build.0 = Release|Any CPU
		{83EF651E-19FA-40F7-AC94-A76E78476832}.Debug|Any CPU.ActiveCfg = Debug|Any CPU
		{83EF651E-19FA-40F7-AC94-A76E78476832}.Debug|Any CPU.Build.0 = Debug|Any CPU
		{83EF651E-19FA-40F7-AC94-A76E78476832}.Release|Any CPU.ActiveCfg = Release|Any CPU
		{83EF651E-19FA-40F7-AC94-A76E78476832}.Release|Any CPU.Build.0 = Release|Any CPU
	EndGlobalSection
	GlobalSection(SolutionProperties) = preSolution
		HideSolutionNode = FALSE
	EndGlobalSection
	GlobalSection(ExtensibilityGlobals) = postSolution
		SolutionGuid = {065FA3D8-81A9-4F12-915B-8A78C66E0728}
	EndGlobalSection
EndGlobal
